
Microsoft Visual Studio Solution File, Format Version 12.00
# Visual Studio Version 16
VisualStudioVersion = 16.0.29409.12
MinimumVisualStudioVersion = 10.0.40219.1
Project("{FAE04EC0-301F-11D3-BF4B-00C04F79EFBC}") = "Picturelate.Android", "Picturelate\Picturelate.Android\Picturelate.Android.csproj", "{EA0F5575-A458-4D7E-9DD1-C560EC5F81A0}"
EndProject
Project("{FAE04EC0-301F-11D3-BF4B-00C04F79EFBC}") = "Picturelate", "Picturelate\Picturelate\Picturelate.csproj", "{C4774AC4-41F9-4630-B5A3-01E0970D73D5}"
EndProject
Global
	GlobalSection(SolutionConfigurationPlatforms) = preSolution
		Debug|Any CPU = Debug|Any CPU
		Release|Any CPU = Release|Any CPU
	EndGlobalSection
	GlobalSection(ProjectConfigurationPlatforms) = postSolution
		{EA0F5575-A458-4D7E-9DD1-C560EC5F81A0}.Debug|Any CPU.ActiveCfg = Debug|Any CPU
		{EA0F5575-A458-4D7E-9DD1-C560EC5F81A0}.Debug|Any CPU.Build.0 = Debug|Any CPU
		{EA0F5575-A458-4D7E-9DD1-C560EC5F81A0}.Debug|Any CPU.Deploy.0 = Debug|Any CPU
		{EA0F5575-A458-4D7E-9DD1-C560EC5F81A0}.Release|Any CPU.ActiveCfg = Release|Any CPU
		{EA0F5575-A458-4D7E-9DD1-C560EC5F81A0}.Release|Any CPU.Build.0 = Release|Any CPU
		{EA0F5575-A458-4D7E-9DD1-C560EC5F81A0}.Release|Any CPU.Deploy.0 = Release|Any CPU
		{C4774AC4-41F9-4630-B5A3-01E0970D73D5}.Debug|Any CPU.ActiveCfg = Debug|Any CPU
		{C4774AC4-41F9-4630-B5A3-01E0970D73D5}.Debug|Any CPU.Build.0 = Debug|Any CPU
		{C4774AC4-41F9-4630-B5A3-01E0970D73D5}.Debug|Any CPU.Deploy.0 = Debug|Any CPU
		{C4774AC4-41F9-4630-B5A3-01E0970D73D5}.Release|Any CPU.ActiveCfg = Release|Any CPU
		{C4774AC4-41F9-4630-B5A3-01E0970D73D5}.Release|Any CPU.Build.0 = Release|Any CPU
		{C4774AC4-41F9-4630-B5A3-01E0970D73D5}.Release|Any CPU.Deploy.0 = Release|Any CPU
	EndGlobalSection
	GlobalSection(SolutionProperties) = preSolution
		HideSolutionNode = FALSE
	EndGlobalSection
	GlobalSection(ExtensibilityGlobals) = postSolution
		SolutionGuid = {98715C3C-E09D-45ED-963F-A33B4B023023}
	EndGlobalSection
EndGlobal
